
Microsoft Visual Studio Solution File, Format Version 12.00
# Visual Studio 15
VisualStudioVersion = 15.0.28307.271
MinimumVisualStudioVersion = 10.0.40219.1
Project("{FAE04EC0-301F-11D3-BF4B-00C04F79EFBC}") = "Threax.Certificates", "Threax.Certificates\Threax.Certificates.csproj", "{395E94A5-A3EF-4E33-B7EA-FD645F55C7E7}"
EndProject
Global
	GlobalSection(SolutionConfigurationPlatforms) = preSolution
		Debug|Any CPU = Debug|Any CPU
		Release|Any CPU = Release|Any CPU
	EndGlobalSection
	GlobalSection(ProjectConfigurationPlatforms) = postSolution
		{395E94A5-A3EF-4E33-B7EA-FD645F55C7E7}.Debug|Any CPU.ActiveCfg = Debug|Any CPU
		{395E94A5-A3EF-4E33-B7EA-FD645F55C7E7}.Debug|Any CPU.Build.0 = Debug|Any CPU
		{395E94A5-A3EF-4E33-B7EA-FD645F55C7E7}.Release|Any CPU.ActiveCfg = Release|Any CPU
		{395E94A5-A3EF-4E33-B7EA-FD645F55C7E7}.Release|Any CPU.Build.0 = Release|Any CPU
	EndGlobalSection
	GlobalSection(SolutionProperties) = preSolution
		HideSolutionNode = FALSE
	EndGlobalSection
	GlobalSection(ExtensibilityGlobals) = postSolution
		SolutionGuid = {901C277E-C642-41B6-95E3-FA2E704806BF}
	EndGlobalSection
EndGlobal
